# @generated by Move, please check-in and do not edit manually.

[move]
version = 3
manifest_digest = "0B39E8CB00B8CB4FACF1ACDBDFE92041C2284F955EEB2600FA42176AD0842AFA"
deps_digest = "F8BBB0CCB2491CA29A3DF03D6F92277A4F3574266507ACD77214D37ECA3F3082"
dependencies = [
  { id = "Iota", name = "Iota" },
]

[[move.package]]
id = "Iota"
source = { git = "https://github.com/iotaledger/iota.git", rev = "testnet", subdir = "crates/iota-framework/packages/iota-framework" }

dependencies = [
  { id = "MoveStdlib", name = "MoveStdlib" },
]

[[move.package]]
id = "MoveStdlib"
source = { git = "https://github.com/iotaledger/iota.git", rev = "testnet", subdir = "crates\\iota-framework\\packages\\move-stdlib" }

[move.toolchain-version]
compiler-version = "0.12.0-rc"
edition = "2024.beta"
flavor = "iota"

[env]

[env.testnet]
chain-id = "2304aa97"
original-published-id = "0x3c7b93a8f261cbf31024bc754779e778a3a28997ab980c8bb8e19eaaf579d144"
latest-published-id = "0x3c7b93a8f261cbf31024bc754779e778a3a28997ab980c8bb8e19eaaf579d144"
published-version = "1"
